// !$*UTF8*$!
{
	archiveVersion = 1;
	classes = {
	};
	objectVersion = 77;
	objects = {

/* Begin PBXContainerItemProxy section */
		CD3963922E1F18C700D94CD1 /* PBXContainerItemProxy */ = {
			isa = PBXContainerItemProxy;
			containerPortal = CD39637B2E1F18C600D94CD1 /* Project object */;
			proxyType = 1;
			remoteGlobalIDString = CD3963822E1F18C600D94CD1;
			remoteInfo = Truely;
		};
		CD39639C2E1F18C700D94CD1 /* PBXContainerItemProxy */ = {
			isa = PBXContainerItemProxy;
			containerPortal = CD39637B2E1F18C600D94CD1 /* Project object */;
			proxyType = 1;
			remoteGlobalIDString = CD3963822E1F18C600D94CD1;
			remoteInfo = Truely;
		};
/* End PBXContainerItemProxy section */

/* Begin PBXFileReference section */
		CD3963832E1F18C600D94CD1 /* Truely.app */ = {isa = PBXFileReference; explicitFileType = wrapper.application; includeInIndex = 0; path = Truely.app; sourceTree = BUILT_PRODUCTS_DIR; };
		CD3963912E1F18C700D94CD1 /* TruelyTests.xctest */ = {isa = PBXFileReference; explicitFileType = wrapper.cfbundle; includeInIndex = 0; path = TruelyTests.xctest; sourceTree = BUILT_PRODUCTS_DIR; };
		CD39639B2E1F18C700D94CD1 /* TruelyUITests.xctest */ = {isa = PBXFileReference; explicitFileType = wrapper.cfbundle; includeInIndex = 0; path = TruelyUITests.xctest; sourceTree = BUILT_PRODUCTS_DIR; };
/* End PBXFileReference section */

/* Begin PBXFileSystemSynchronizedRootGroup section */
		CD3963852E1F18C600D94CD1 /* Truely */ = {
			isa = PBXFileSystemSynchronizedRootGroup;
			path = Truely;
			sourceTree = "<group>";
		};
		CD3963942E1F18C700D94CD1 /* TruelyTests */ = {
			isa = PBXFileSystemSynchronizedRootGroup;
			path = TruelyTests;
			sourceTree = "<group>";
		};
		CD39639E2E1F18C700D94CD1 /* TruelyUITests */ = {
			isa = PBXFileSystemSynchronizedRootGroup;
			path = TruelyUITests;
			sourceTree = "<group>";
		};
/* End PBXFileSystemSynchronizedRootGroup section */

/* Begin PBXFrameworksBuildPhase section */
		CD3963802E1F18C600D94CD1 /* Frameworks */ = {
			isa = PBXFrameworksBuildPhase;
			buildActionMask = 2147483647;
			files = (
			);
			runOnlyForDeploymentPostprocessing = 0;
		};
		CD39638E2E1F18C700D94CD1 /* Frameworks */ = {
			isa = PBXFrameworksBuildPhase;
			buildActionMask = 2147483647;
			files = (
			);
			runOnlyForDeploymentPostprocessing = 0;
		};
		CD3963982E1F18C700D94CD1 /* Frameworks */ = {
			isa = PBXFrameworksBuildPhase;
			buildActionMask = 2147483647;
			files = (
			);
			runOnlyForDeploymentPostprocessing = 0;
		};
/* End PBXFrameworksBuildPhase section */

/* Begin PBXGroup section */
		CD39637A2E1F18C600D94CD1 = {
			isa = PBXGroup;
			children = (
				CD3963852E1F18C600D94CD1 /* Truely */,
				CD3963942E1F18C700D94CD1 /* TruelyTests */,
				CD39639E2E1F18C700D94CD1 /* TruelyUITests */,
				CD3963842E1F18C600D94CD1 /* Products */,
			);
			sourceTree = "<group>";
		};
		CD3963842E1F18C600D94CD1 /* Products */ = {
			isa = PBXGroup;
			children = (
				CD3963832E1F18C600D94CD1 /* Truely.app */,
				CD3963912E1F18C700D94CD1 /* TruelyTests.xctest */,
				CD39639B2E1F18C700D94CD1 /* TruelyUITests.xctest */,
			);
			name = Products;
			sourceTree = "<group>";
		};
/* End PBXGroup section */

/* Begin PBXNativeTarget section */
		CD3963822E1F18C600D94CD1 /* Truely */ = {
			isa = PBXNativeTarget;
			buildConfigurationList = CD3963A52E1F18C700D94CD1 /* Build configuration list for PBXNativeTarget "Truely" */;
			buildPhases = (
				CD39637F2E1F18C600D94CD1 /* Sources */,
				CD3963802E1F18C600D94CD1 /* Frameworks */,
				CD3963812E1F18C600D94CD1 /* Resources */,
			);
			buildRules = (
			);
			dependencies = (
			);
			fileSystemSynchronizedGroups = (
				CD3963852E1F18C600D94CD1 /* Truely */,
			);
			name = Truely;
			packageProductDependencies = (
			);
			productName = Truely;
			productReference = CD3963832E1F18C600D94CD1 /* Truely.app */;
			productType = "com.apple.product-type.application";
		};
		CD3963902E1F18C700D94CD1 /* TruelyTests */ = {
			isa = PBXNativeTarget;
			buildConfigurationList = CD3963A82E1F18C700D94CD1 /* Build configuration list for PBXNativeTarget "TruelyTests" */;
			buildPhases = (
				CD39638D2E1F18C700D94CD1 /* Sources */,
				CD39638E2E1F18C700D94CD1 /* Frameworks */,
				CD39638F2E1F18C700D94CD1 /* Resources */,
			);
			buildRules = (
			);
			dependencies = (
				CD3963932E1F18C700D94CD1 /* PBXTargetDependency */,
			);
			fileSystemSynchronizedGroups = (
				CD3963942E1F18C700D94CD1 /* TruelyTests */,
			);
			name = TruelyTests;
			packageProductDependencies = (
			);
			productName = TruelyTests;
			productReference = CD3963912E1F18C700D94CD1 /* TruelyTests.xctest */;
			productType = "com.apple.product-type.bundle.unit-test";
		};
		CD39639A2E1F18C700D94CD1 /* TruelyUITests */ = {
			isa = PBXNativeTarget;
			buildConfigurationList = CD3963AB2E1F18C700D94CD1 /* Build configuration list for PBXNativeTarget "TruelyUITests" */;
			buildPhases = (
				CD3963972E1F18C700D94CD1 /* Sources */,
				CD3963982E1F18C700D94CD1 /* Frameworks */,
				CD3963992E1F18C700D94CD1 /* Resources */,
			);
			buildRules = (
			);
			dependencies = (
				CD39639D2E1F18C700D94CD1 /* PBXTargetDependency */,
			);
			fileSystemSynchronizedGroups = (
				CD39639E2E1F18C700D94CD1 /* TruelyUITests */,
			);
			name = TruelyUITests;
			packageProductDependencies = (
			);
			productName = TruelyUITests;
			productReference = CD39639B2E1F18C700D94CD1 /* TruelyUITests.xctest */;
			productType = "com.apple.product-type.bundle.ui-testing";
		};
/* End PBXNativeTarget section */

/* Begin PBXProject section */
		CD39637B2E1F18C600D94CD1 /* Project object */ = {
			isa = PBXProject;
			attributes = {
				BuildIndependentTargetsInParallel = 1;
				LastSwiftUpdateCheck = 1640;
				LastUpgradeCheck = 1640;
				TargetAttributes = {
					CD3963822E1F18C600D94CD1 = {
						CreatedOnToolsVersion = 16.4;
					};
					CD3963902E1F18C700D94CD1 = {
						CreatedOnToolsVersion = 16.4;
						TestTargetID = CD3963822E1F18C600D94CD1;
					};
					CD39639A2E1F18C700D94CD1 = {
						CreatedOnToolsVersion = 16.4;
						TestTargetID = CD3963822E1F18C600D94CD1;
					};
				};
			};
			buildConfigurationList = CD39637E2E1F18C600D94CD1 /* Build configuration list for PBXProject "Truely" */;
			developmentRegion = en;
			hasScannedForEncodings = 0;
			knownRegions = (
				en,
				Base,
			);
			mainGroup = CD39637A2E1F18C600D94CD1;
			minimizedProjectReferenceProxies = 1;
			packageReferences = (
				F98AD0412E20C5A50054E2C6 /* XCRemoteSwiftPackageReference "swifter" */,
				F98AD0AB2E21B61E0054E2C6 /* XCRemoteSwiftPackageReference "CHGlassmorphismView" */,
			);
			preferredProjectObjectVersion = 77;
			productRefGroup = CD3963842E1F18C600D94CD1 /* Products */;
			projectDirPath = "";
			projectRoot = "";
			targets = (
				CD3963822E1F18C600D94CD1 /* Truely */,
				CD3963902E1F18C700D94CD1 /* TruelyTests */,
				CD39639A2E1F18C700D94CD1 /* TruelyUITests */,
			);
		};
/* End PBXProject section */

/* Begin PBXResourcesBuildPhase section */
		CD3963812E1F18C600D94CD1 /* Resources */ = {
			isa = PBXResourcesBuildPhase;
			buildActionMask = 2147483647;
			files = (
			);
			runOnlyForDeploymentPostprocessing = 0;
		};
		CD39638F2E1F18C700D94CD1 /* Resources */ = {
			isa = PBXResourcesBuildPhase;
			buildActionMask = 2147483647;
			files = (
			);
			runOnlyForDeploymentPostprocessing = 0;
		};
		CD3963992E1F18C700D94CD1 /* Resources */ = {
			isa = PBXResourcesBuildPhase;
			buildActionMask = 2147483647;
			files = (
			);
			runOnlyForDeploymentPostprocessing = 0;
		};
/* End PBXResourcesBuildPhase section */

/* Begin PBXSourcesBuildPhase section */
		CD39637F2E1F18C600D94CD1 /* Sources */ = {
			isa = PBXSourcesBuildPhase;
			buildActionMask = 2147483647;
			files = (
			);
			runOnlyForDeploymentPostprocessing = 0;
		};
		CD39638D2E1F18C700D94CD1 /* Sources */ = {
			isa = PBXSourcesBuildPhase;
			buildActionMask = 2147483647;
			files = (
			);
			runOnlyForDeploymentPostprocessing = 0;
		};
		CD3963972E1F18C700D94CD1 /* Sources */ = {
			isa = PBXSourcesBuildPhase;
			buildActionMask = 2147483647;
			files = (
			);
			runOnlyForDeploymentPostprocessing = 0;
		};
/* End PBXSourcesBuildPhase section */

/* Begin PBXTargetDependency section */
		CD3963932E1F18C700D94CD1 /* PBXTargetDependency */ = {
			isa = PBXTargetDependency;
			target = CD3963822E1F18C600D94CD1 /* Truely */;
			targetProxy = CD3963922E1F18C700D94CD1 /* PBXContainerItemProxy */;
		};
		CD39639D2E1F18C700D94CD1 /* PBXTargetDependency */ = {
			isa = PBXTargetDependency;
			target = CD3963822E1F18C600D94CD1 /* Truely */;
			targetProxy = CD39639C2E1F18C700D94CD1 /* PBXContainerItemProxy */;
		};
/* End PBXTargetDependency section */

/* Begin XCBuildConfiguration section */
		CD3963A32E1F18C700D94CD1 /* Debug */ = {
			isa = XCBuildConfiguration;
			buildSettings = {
				ALWAYS_SEARCH_USER_PATHS = NO;
				ASSETCATALOG_COMPILER_GENERATE_SWIFT_ASSET_SYMBOL_EXTENSIONS = YES;
				CLANG_ANALYZER_NONNULL = YES;
				CLANG_ANALYZER_NUMBER_OBJECT_CONVERSION = YES_AGGRESSIVE;
				CLANG_CXX_LANGUAGE_STANDARD = "gnu++20";
				CLANG_ENABLE_MODULES = YES;
				CLANG_ENABLE_OBJC_ARC = YES;
				CLANG_ENABLE_OBJC_WEAK = YES;
				CLANG_WARN_BLOCK_CAPTURE_AUTORELEASING = YES;
				CLANG_WARN_BOOL_CONVERSION = YES;
				CLANG_WARN_COMMA = YES;
				CLANG_WARN_CONSTANT_CONVERSION = YES;
				CLANG_WARN_DEPRECATED_OBJC_IMPLEMENTATIONS = YES;
				CLANG_WARN_DIRECT_OBJC_ISA_USAGE = YES_ERROR;
				CLANG_WARN_DOCUMENTATION_COMMENTS = YES;
				CLANG_WARN_EMPTY_BODY = YES;
				CLANG_WARN_ENUM_CONVERSION = YES;
				CLANG_WARN_INFINITE_RECURSION = YES;
				CLANG_WARN_INT_CONVERSION = YES;
				CLANG_WARN_NON_LITERAL_NULL_CONVERSION = YES;
				CLANG_WARN_OBJC_IMPLICIT_RETAIN_SELF = YES;
				CLANG_WARN_OBJC_LITERAL_CONVERSION = YES;
				CLANG_WARN_OBJC_ROOT_CLASS = YES_ERROR;
				CLANG_WARN_QUOTED_INCLUDE_IN_FRAMEWORK_HEADER = YES;
				CLANG_WARN_RANGE_LOOP_ANALYSIS = YES;
				CLANG_WARN_STRICT_PROTOTYPES = YES;
				CLANG_WARN_SUSPICIOUS_MOVE = YES;
				CLANG_WARN_UNGUARDED_AVAILABILITY = YES_AGGRESSIVE;
				CLANG_WARN_UNREACHABLE_CODE = YES;
				CLANG_WARN__DUPLICATE_METHOD_MATCH = YES;
				COPY_PHASE_STRIP = NO;
				DEBUG_INFORMATION_FORMAT = dwarf;
				ENABLE_STRICT_OBJC_MSGSEND = YES;
				ENABLE_TESTABILITY = YES;
				ENABLE_USER_SCRIPT_SANDBOXING = YES;
				GCC_C_LANGUAGE_STANDARD = gnu17;
				GCC_DYNAMIC_NO_PIC = NO;
				GCC_NO_COMMON_BLOCKS = YES;
				GCC_OPTIMIZATION_LEVEL = 0;
				GCC_PREPROCESSOR_DEFINITIONS = (
					"DEBUG=1",
					"$(inherited)",
				);
				GCC_WARN_64_TO_32_BIT_CONVERSION = YES;
				GCC_WARN_ABOUT_RETURN_TYPE = YES_ERROR;
				GCC_WARN_UNDECLARED_SELECTOR = YES;
				GCC_WARN_UNINITIALIZED_AUTOS = YES_AGGRESSIVE;
				GCC_WARN_UNUSED_FUNCTION = YES;
				GCC_WARN_UNUSED_VARIABLE = YES;
				LOCALIZATION_PREFERS_STRING_CATALOGS = YES;
				MACOSX_DEPLOYMENT_TARGET = 15.5;
				MTL_ENABLE_DEBUG_INFO = INCLUDE_SOURCE;
				MTL_FAST_MATH = YES;
				ONLY_ACTIVE_ARCH = YES;
				SDKROOT = macosx;
				SWIFT_ACTIVE_COMPILATION_CONDITIONS = "DEBUG $(inherited)";
				SWIFT_OPTIMIZATION_LEVEL = "-Onone";
			};
			name = Debug;
		};
		CD3963A42E1F18C700D94CD1 /* Release */ = {
			isa = XCBuildConfiguration;
			buildSettings = {
				ALWAYS_SEARCH_USER_PATHS = NO;
				ASSETCATALOG_COMPILER_GENERATE_SWIFT_ASSET_SYMBOL_EXTENSIONS = YES;
				CLANG_ANALYZER_NONNULL = YES;
				CLANG_ANALYZER_NUMBER_OBJECT_CONVERSION = YES_AGGRESSIVE;
				CLANG_CXX_LANGUAGE_STANDARD = "gnu++20";
				CLANG_ENABLE_MODULES = YES;
				CLANG_ENABLE_OBJC_ARC = YES;
				CLANG_ENABLE_OBJC_WEAK = YES;
				CLANG_WARN_BLOCK_CAPTURE_AUTORELEASING = YES;
				CLANG_WARN_BOOL_CONVERSION = YES;
				CLANG_WARN_COMMA = YES;
				CLANG_WARN_CONSTANT_CONVERSION = YES;
				CLANG_WARN_DEPRECATED_OBJC_IMPLEMENTATIONS = YES;
				CLANG_WARN_DIRECT_OBJC_ISA_USAGE = YES_ERROR;
				CLANG_WARN_DOCUMENTATION_COMMENTS = YES;
				CLANG_WARN_EMPTY_BODY = YES;
				CLANG_WARN_ENUM_CONVERSION = YES;
				CLANG_WARN_INFINITE_RECURSION = YES;
				CLANG_WARN_INT_CONVERSION = YES;
				CLANG_WARN_NON_LITERAL_NULL_CONVERSION = YES;
				CLANG_WARN_OBJC_IMPLICIT_RETAIN_SELF = YES;
				CLANG_WARN_OBJC_LITERAL_CONVERSION = YES;
				CLANG_WARN_OBJC_ROOT_CLASS = YES_ERROR;
				CLANG_WARN_QUOTED_INCLUDE_IN_FRAMEWORK_HEADER = YES;
				CLANG_WARN_RANGE_LOOP_ANALYSIS = YES;
				CLANG_WARN_STRICT_PROTOTYPES = YES;
				CLANG_WARN_SUSPICIOUS_MOVE = YES;
				CLANG_WARN_UNGUARDED_AVAILABILITY = YES_AGGRESSIVE;
				CLANG_WARN_UNREACHABLE_CODE = YES;
				CLANG_WARN__DUPLICATE_METHOD_MATCH = YES;
				COPY_PHASE_STRIP = NO;
				DEBUG_INFORMATION_FORMAT = "dwarf-with-dsym";
				ENABLE_NS_ASSERTIONS = NO;
				ENABLE_STRICT_OBJC_MSGSEND = YES;
				ENABLE_USER_SCRIPT_SANDBOXING = YES;
				GCC_C_LANGUAGE_STANDARD = gnu17;
				GCC_NO_COMMON_BLOCKS = YES;
				GCC_WARN_64_TO_32_BIT_CONVERSION = YES;
				GCC_WARN_ABOUT_RETURN_TYPE = YES_ERROR;
				GCC_WARN_UNDECLARED_SELECTOR = YES;
				GCC_WARN_UNINITIALIZED_AUTOS = YES_AGGRESSIVE;
				GCC_WARN_UNUSED_FUNCTION = YES;
				GCC_WARN_UNUSED_VARIABLE = YES;
				LOCALIZATION_PREFERS_STRING_CATALOGS = YES;
				MACOSX_DEPLOYMENT_TARGET = 15.5;
				MTL_ENABLE_DEBUG_INFO = NO;
				MTL_FAST_MATH = YES;
				SDKROOT = macosx;
				SWIFT_COMPILATION_MODE = wholemodule;
			};
			name = Release;
		};
		CD3963A62E1F18C700D94CD1 /* Debug */ = {
			isa = XCBuildConfiguration;
			buildSettings = {
				ASSETCATALOG_COMPILER_APPICON_NAME = AppIcon;
				ASSETCATALOG_COMPILER_GLOBAL_ACCENT_COLOR_NAME = AccentColor;
				CODE_SIGN_ENTITLEMENTS = Truely/Truely.entitlements;
				CODE_SIGN_STYLE = Automatic;
				COMBINE_HIDPI_IMAGES = YES;
				CURRENT_PROJECT_VERSION = 1;
				DEVELOPMENT_TEAM = AHCKAC57PM;
				ENABLE_HARDENED_RUNTIME = YES;
				ENABLE_PREVIEWS = YES;
				GENERATE_INFOPLIST_FILE = NO;
				INFOPLIST_FILE = Truely/Info.plist;
				INFOPLIST_KEY_NSHumanReadableCopyright = "";
				LD_RUNPATH_SEARCH_PATHS = (
					"$(inherited)",
					"@executable_path/../Frameworks",
				);
				MACOSX_DEPLOYMENT_TARGET = 12.4;
				MARKETING_VERSION = 1.0;
				PRODUCT_BUNDLE_IDENTIFIER = "com.true-ly.Truely";
				PRODUCT_NAME = "$(TARGET_NAME)";
				REGISTER_APP_GROUPS = YES;
				SWIFT_EMIT_LOC_STRINGS = YES;
				SWIFT_OBJC_BRIDGING_HEADER = "Truely/Truely-Bridging-Header.h";
				SWIFT_VERSION = 5.0;
			};
			name = Debug;
		};
		CD3963A72E1F18C700D94CD1 /* Release */ = {
			isa = XCBuildConfiguration;
			buildSettings = {
				ASSETCATALOG_COMPILER_APPICON_NAME = AppIcon;
				ASSETCATALOG_COMPILER_GLOBAL_ACCENT_COLOR_NAME = AccentColor;
				CODE_SIGN_ENTITLEMENTS = Truely/Truely.entitlements;
				CODE_SIGN_STYLE = Automatic;
				COMBINE_HIDPI_IMAGES = YES;
				CURRENT_PROJECT_VERSION = 1;
				DEVELOPMENT_TEAM = AHCKAC57PM;
				ENABLE_HARDENED_RUNTIME = YES;
				ENABLE_PREVIEWS = YES;
				GENERATE_INFOPLIST_FILE = NO;
				INFOPLIST_FILE = Truely/Info.plist;
				INFOPLIST_KEY_NSHumanReadableCopyright = "";
				LD_RUNPATH_SEARCH_PATHS = (
					"$(inherited)",
					"@executable_path/../Frameworks",
				);
				MACOSX_DEPLOYMENT_TARGET = 12.4;
				MARKETING_VERSION = 1.0;
				PRODUCT_BUNDLE_IDENTIFIER = "com.true-ly.Truely";
				PRODUCT_NAME = "$(TARGET_NAME)";
				REGISTER_APP_GROUPS = YES;
				SWIFT_EMIT_LOC_STRINGS = YES;
				SWIFT_OBJC_BRIDGING_HEADER = "Truely/Truely-Bridging-Header.h";
				SWIFT_VERSION = 5.0;
			};
			name = Release;
		};
		CD3963A92E1F18C700D94CD1 /* Debug */ = {
			isa = XCBuildConfiguration;
			buildSettings = {
				BUNDLE_LOADER = "$(TEST_HOST)";
				CODE_SIGN_STYLE = Automatic;
				CURRENT_PROJECT_VERSION = 1;
				GENERATE_INFOPLIST_FILE = YES;
				MACOSX_DEPLOYMENT_TARGET = 15.5;
				MARKETING_VERSION = 1.0;
				PRODUCT_BUNDLE_IDENTIFIER = "com.true-ly.TruelyTests";
				PRODUCT_NAME = "$(TARGET_NAME)";
				SWIFT_EMIT_LOC_STRINGS = NO;
				SWIFT_VERSION = 5.0;
				TEST_HOST = "$(BUILT_PRODUCTS_DIR)/Truely.app/$(BUNDLE_EXECUTABLE_FOLDER_PATH)/Truely";
			};
			name = Debug;
		};
		CD3963AA2E1F18C700D94CD1 /* Release */ = {
			isa = XCBuildConfiguration;
			buildSettings = {
				BUNDLE_LOADER = "$(TEST_HOST)";
				CODE_SIGN_STYLE = Automatic;
				CURRENT_PROJECT_VERSION = 1;
				GENERATE_INFOPLIST_FILE = YES;
				MACOSX_DEPLOYMENT_TARGET = 15.5;
				MARKETING_VERSION = 1.0;
				PRODUCT_BUNDLE_IDENTIFIER = "com.true-ly.TruelyTests";
				PRODUCT_NAME = "$(TARGET_NAME)";
				SWIFT_EMIT_LOC_STRINGS = NO;
				SWIFT_VERSION = 5.0;
				TEST_HOST = "$(BUILT_PRODUCTS_DIR)/Truely.app/$(BUNDLE_EXECUTABLE_FOLDER_PATH)/Truely";
			};
			name = Release;
		};
		CD3963AC2E1F18C700D94CD1 /* Debug */ = {
			isa = XCBuildConfiguration;
			buildSettings = {
				CODE_SIGN_STYLE = Automatic;
				CURRENT_PROJECT_VERSION = 1;
				GENERATE_INFOPLIST_FILE = YES;
				MARKETING_VERSION = 1.0;
				PRODUCT_BUNDLE_IDENTIFIER = "com.true-ly.TruelyUITests";
				PRODUCT_NAME = "$(TARGET_NAME)";
				SWIFT_EMIT_LOC_STRINGS = NO;
				SWIFT_VERSION = 5.0;
				TEST_TARGET_NAME = Truely;
			};
			name = Debug;
		};
		CD3963AD2E1F18C700D94CD1 /* Release */ = {
			isa = XCBuildConfiguration;
			buildSettings = {
				CODE_SIGN_STYLE = Automatic;
				CURRENT_PROJECT_VERSION = 1;
				GENERATE_INFOPLIST_FILE = YES;
				MARKETING_VERSION = 1.0;
				PRODUCT_BUNDLE_IDENTIFIER = "com.true-ly.TruelyUITests";
				PRODUCT_NAME = "$(TARGET_NAME)";
				SWIFT_EMIT_LOC_STRINGS = NO;
				SWIFT_VERSION = 5.0;
				TEST_TARGET_NAME = Truely;
			};
			name = Release;
		};
/* End XCBuildConfiguration section */

/* Begin XCConfigurationList section */
		CD39637E2E1F18C600D94CD1 /* Build configuration list for PBXProject "Truely" */ = {
			isa = XCConfigurationList;
			buildConfigurations = (
				CD3963A32E1F18C700D94CD1 /* Debug */,
				CD3963A42E1F18C700D94CD1 /* Release */,
			);
			defaultConfigurationIsVisible = 0;
			defaultConfigurationName = Release;
		};
		CD3963A52E1F18C700D94CD1 /* Build configuration list for PBXNativeTarget "Truely" */ = {
			isa = XCConfigurationList;
			buildConfigurations = (
				CD3963A62E1F18C700D94CD1 /* Debug */,
				CD3963A72E1F18C700D94CD1 /* Release */,
			);
			defaultConfigurationIsVisible = 0;
			defaultConfigurationName = Release;
		};
		CD3963A82E1F18C700D94CD1 /* Build configuration list for PBXNativeTarget "TruelyTests" */ = {
			isa = XCConfigurationList;
			buildConfigurations = (
				CD3963A92E1F18C700D94CD1 /* Debug */,
				CD3963AA2E1F18C700D94CD1 /* Release */,
			);
			defaultConfigurationIsVisible = 0;
			defaultConfigurationName = Release;
		};
		CD3963AB2E1F18C700D94CD1 /* Build configuration list for PBXNativeTarget "TruelyUITests" */ = {
			isa = XCConfigurationList;
			buildConfigurations = (
				CD3963AC2E1F18C700D94CD1 /* Debug */,
				CD3963AD2E1F18C700D94CD1 /* Release */,
			);
			defaultConfigurationIsVisible = 0;
			defaultConfigurationName = Release;
		};
/* End XCConfigurationList section */

/* Begin XCRemoteSwiftPackageReference section */
		F98AD0412E20C5A50054E2C6 /* XCRemoteSwiftPackageReference "swifter" */ = {
			isa = XCRemoteSwiftPackageReference;
			repositoryURL = "https://github.com/httpswift/swifter";
			requirement = {
				kind = upToNextMajorVersion;
				minimumVersion = 1.5.0;
			};
		};
		F98AD0AB2E21B61E0054E2C6 /* XCRemoteSwiftPackageReference "CHGlassmorphismView" */ = {
			isa = XCRemoteSwiftPackageReference;
			repositoryURL = "https://github.com/Chaehui-Seo/CHGlassmorphismView.git";
			requirement = {
				kind = upToNextMajorVersion;
				minimumVersion = 1.0.2;
			};
		};
/* End XCRemoteSwiftPackageReference section */
	};
	rootObject = CD39637B2E1F18C600D94CD1 /* Project object */;
}
